// !$*UTF8*$!
{
	archiveVersion = 1;
	classes = {
	};
	objectVersion = 50;
	objects = {

/* Begin PBXBuildFile section */
		BF8BF45925D5C18100497046 /* AppDelegate.swift in Sources */ = {isa = PBXBuildFile; fileRef = BF8BF45825D5C18100497046 /* AppDelegate.swift */; };
		BF8BF45B25D5C18100497046 /* ViewController.swift in Sources */ = {isa = PBXBuildFile; fileRef = BF8BF45A25D5C18100497046 /* ViewController.swift */; };
		BF8BF45E25D5C18100497046 /* Main.storyboard in Resources */ = {isa = PBXBuildFile; fileRef = BF8BF45C25D5C18100497046 /* Main.storyboard */; };
		BF8BF46025D5C18100497046 /* Assets.xcassets in Resources */ = {isa = PBXBuildFile; fileRef = BF8BF45F25D5C18100497046 /* Assets.xcassets */; };
		BF8BF46325D5C18100497046 /* LaunchScreen.storyboard in Resources */ = {isa = PBXBuildFile; fileRef = BF8BF46125D5C18100497046 /* LaunchScreen.storyboard */; };
		BF8BF46E25D5C18200497046 /* AppBuildOneTests.swift in Sources */ = {isa = PBXBuildFile; fileRef = BF8BF46D25D5C18200497046 /* AppBuildOneTests.swift */; };
		BF8BF47925D5C18200497046 /* AppBuildOneUITests.swift in Sources */ = {isa = PBXBuildFile; fileRef = BF8BF47825D5C18200497046 /* AppBuildOneUITests.swift */; };
		BFDAD4A425D5CD2C00B4DFF1 /* secondViewController.swift in Sources */ = {isa = PBXBuildFile; fileRef = BFDAD4A325D5CD2C00B4DFF1 /* secondViewController.swift */; };
/* End PBXBuildFile section */

/* Begin PBXContainerItemProxy section */
		BF8BF46A25D5C18200497046 /* PBXContainerItemProxy */ = {
			isa = PBXContainerItemProxy;
			containerPortal = BF8BF44D25D5C18000497046 /* Project object */;
			proxyType = 1;
			remoteGlobalIDString = BF8BF45425D5C18100497046;
			remoteInfo = AppBuildOne;
		};
		BF8BF47525D5C18200497046 /* PBXContainerItemProxy */ = {
			isa = PBXContainerItemProxy;
			containerPortal = BF8BF44D25D5C18000497046 /* Project object */;
			proxyType = 1;
			remoteGlobalIDString = BF8BF45425D5C18100497046;
			remoteInfo = AppBuildOne;
		};
/* End PBXContainerItemProxy section */

/* Begin PBXFileReference section */
		BF8BF45525D5C18100497046 /* AppBuildOne.app */ = {isa = PBXFileReference; explicitFileType = wrapper.application; includeInIndex = 0; path = AppBuildOne.app; sourceTree = BUILT_PRODUCTS_DIR; };
		BF8BF45825D5C18100497046 /* AppDelegate.swift */ = {isa = PBXFileReference; lastKnownFileType = sourcecode.swift; path = AppDelegate.swift; sourceTree = "<group>"; };
		BF8BF45A25D5C18100497046 /* ViewController.swift */ = {isa = PBXFileReference; lastKnownFileType = sourcecode.swift; path = ViewController.swift; sourceTree = "<group>"; };
		BF8BF45D25D5C18100497046 /* Base */ = {isa = PBXFileReference; lastKnownFileType = file.storyboard; name = Base; path = Base.lproj/Main.storyboard; sourceTree = "<group>"; };
		BF8BF45F25D5C18100497046 /* Assets.xcassets */ = {isa = PBXFileReference; lastKnownFileType = folder.assetcatalog; path = Assets.xcassets; sourceTree = "<group>"; };
		BF8BF46225D5C18100497046 /* Base */ = {isa = PBXFileReference; lastKnownFileType = file.storyboard; name = Base; path = Base.lproj/LaunchScreen.storyboard; sourceTree = "<group>"; };
		BF8BF46425D5C18100497046 /* Info.plist */ = {isa = PBXFileReference; lastKnownFileType = text.plist.xml; path = Info.plist; sourceTree = "<group>"; };
		BF8BF46925D5C18200497046 /* AppBuildOneTests.xctest */ = {isa = PBXFileReference; explicitFileType = wrapper.cfbundle; includeInIndex = 0; path = AppBuildOneTests.xctest; sourceTree = BUILT_PRODUCTS_DIR; };
		BF8BF46D25D5C18200497046 /* AppBuildOneTests.swift */ = {isa = PBXFileReference; lastKnownFileType = sourcecode.swift; path = AppBuildOneTests.swift; sourceTree = "<group>"; };
		BF8BF46F25D5C18200497046 /* Info.plist */ = {isa = PBXFileReference; lastKnownFileType = text.plist.xml; path = Info.plist; sourceTree = "<group>"; };
		BF8BF47425D5C18200497046 /* AppBuildOneUITests.xctest */ = {isa = PBXFileReference; explicitFileType = wrapper.cfbundle; includeInIndex = 0; path = AppBuildOneUITests.xctest; sourceTree = BUILT_PRODUCTS_DIR; };
		BF8BF47825D5C18200497046 /* AppBuildOneUITests.swift */ = {isa = PBXFileReference; lastKnownFileType = sourcecode.swift; path = AppBuildOneUITests.swift; sourceTree = "<group>"; };
		BF8BF47A25D5C18200497046 /* Info.plist */ = {isa = PBXFileReference; lastKnownFileType = text.plist.xml; path = Info.plist; sourceTree = "<group>"; };
		BFDAD4A325D5CD2C00B4DFF1 /* secondViewController.swift */ = {isa = PBXFileReference; lastKnownFileType = sourcecode.swift; path = secondViewController.swift; sourceTree = "<group>"; };
/* End PBXFileReference section */

/* Begin PBXFrameworksBuildPhase section */
		BF8BF45225D5C18100497046 /* Frameworks */ = {
			isa = PBXFrameworksBuildPhase;
			buildActionMask = 2147483647;
			files = (
			);
			runOnlyForDeploymentPostprocessing = 0;
		};
		BF8BF46625D5C18200497046 /* Frameworks */ = {
			isa = PBXFrameworksBuildPhase;
			buildActionMask = 2147483647;
			files = (
			);
			runOnlyForDeploymentPostprocessing = 0;
		};
		BF8BF47125D5C18200497046 /* Frameworks */ = {
			isa = PBXFrameworksBuildPhase;
			buildActionMask = 2147483647;
			files = (
			);
			runOnlyForDeploymentPostprocessing = 0;
		};
/* End PBXFrameworksBuildPhase section */

/* Begin PBXGroup section */
		BF8BF44C25D5C18000497046 = {
			isa = PBXGroup;
			children = (
				BF8BF45725D5C18100497046 /* AppBuildOne */,
				BF8BF46C25D5C18200497046 /* AppBuildOneTests */,
				BF8BF47725D5C18200497046 /* AppBuildOneUITests */,
				BF8BF45625D5C18100497046 /* Products */,
			);
			sourceTree = "<group>";
		};
		BF8BF45625D5C18100497046 /* Products */ = {
			isa = PBXGroup;
			children = (
				BF8BF45525D5C18100497046 /* AppBuildOne.app */,
				BF8BF46925D5C18200497046 /* AppBuildOneTests.xctest */,
				BF8BF47425D5C18200497046 /* AppBuildOneUITests.xctest */,
			);
			name = Products;
			sourceTree = "<group>";
		};
		BF8BF45725D5C18100497046 /* AppBuildOne */ = {
			isa = PBXGroup;
			children = (
				BF8BF45825D5C18100497046 /* AppDelegate.swift */,
				BF8BF45A25D5C18100497046 /* ViewController.swift */,
				BF8BF45C25D5C18100497046 /* Main.storyboard */,
				BFDAD4A325D5CD2C00B4DFF1 /* secondViewController.swift */,
				BF8BF45F25D5C18100497046 /* Assets.xcassets */,
				BF8BF46125D5C18100497046 /* LaunchScreen.storyboard */,
				BF8BF46425D5C18100497046 /* Info.plist */,
			);
			path = AppBuildOne;
			sourceTree = "<group>";
		};
		BF8BF46C25D5C18200497046 /* AppBuildOneTests */ = {
			isa = PBXGroup;
			children = (
				BF8BF46D25D5C18200497046 /* AppBuildOneTests.swift */,
				BF8BF46F25D5C18200497046 /* Info.plist */,
			);
			path = AppBuildOneTests;
			sourceTree = "<group>";
		};
		BF8BF47725D5C18200497046 /* AppBuildOneUITests */ = {
			isa = PBXGroup;
			children = (
				BF8BF47825D5C18200497046 /* AppBuildOneUITests.swift */,
				BF8BF47A25D5C18200497046 /* Info.plist */,
			);
			path = AppBuildOneUITests;
			sourceTree = "<group>";
		};
/* End PBXGroup section */

/* Begin PBXNativeTarget section */
		BF8BF45425D5C18100497046 /* AppBuildOne */ = {
			isa = PBXNativeTarget;
			buildConfigurationList = BF8BF47D25D5C18200497046 /* Build configuration list for PBXNativeTarget "AppBuildOne" */;
			buildPhases = (
				BF8BF45125D5C18100497046 /* Sources */,
				BF8BF45225D5C18100497046 /* Frameworks */,
				BF8BF45325D5C18100497046 /* Resources */,
			);
			buildRules = (
			);
			dependencies = (
			);
			name = AppBuildOne;
			productName = AppBuildOne;
			productReference = BF8BF45525D5C18100497046 /* AppBuildOne.app */;
			productType = "com.apple.product-type.application";
		};
		BF8BF46825D5C18200497046 /* AppBuildOneTests */ = {
			isa = PBXNativeTarget;
			buildConfigurationList = BF8BF48025D5C18200497046 /* Build configuration list for PBXNativeTarget "AppBuildOneTests" */;
			buildPhases = (
				BF8BF46525D5C18200497046 /* Sources */,
				BF8BF46625D5C18200497046 /* Frameworks */,
				BF8BF46725D5C18200497046 /* Resources */,
			);
			buildRules = (
			);
			dependencies = (
				BF8BF46B25D5C18200497046 /* PBXTargetDependency */,
			);
			name = AppBuildOneTests;
			productName = AppBuildOneTests;
			productReference = BF8BF46925D5C18200497046 /* AppBuildOneTests.xctest */;
			productType = "com.apple.product-type.bundle.unit-test";
		};
		BF8BF47325D5C18200497046 /* AppBuildOneUITests */ = {
			isa = PBXNativeTarget;
			buildConfigurationList = BF8BF48325D5C18200497046 /* Build configuration list for PBXNativeTarget "AppBuildOneUITests" */;
			buildPhases = (
				BF8BF47025D5C18200497046 /* Sources */,
				BF8BF47125D5C18200497046 /* Frameworks */,
				BF8BF47225D5C18200497046 /* Resources */,
			);
			buildRules = (
			);
			dependencies = (
				BF8BF47625D5C18200497046 /* PBXTargetDependency */,
			);
			name = AppBuildOneUITests;
			productName = AppBuildOneUITests;
			productReference = BF8BF47425D5C18200497046 /* AppBuildOneUITests.xctest */;
			productType = "com.apple.product-type.bundle.ui-testing";
		};
/* End PBXNativeTarget section */

/* Begin PBXProject section */
		BF8BF44D25D5C18000497046 /* Project object */ = {
			isa = PBXProject;
			attributes = {
				LastSwiftUpdateCheck = 1010;
				LastUpgradeCheck = 1010;
				ORGANIZATIONNAME = "Randy Bermudez";
				TargetAttributes = {
					BF8BF45425D5C18100497046 = {
						CreatedOnToolsVersion = 10.1;
					};
					BF8BF46825D5C18200497046 = {
						CreatedOnToolsVersion = 10.1;
						TestTargetID = BF8BF45425D5C18100497046;
					};
					BF8BF47325D5C18200497046 = {
						CreatedOnToolsVersion = 10.1;
						TestTargetID = BF8BF45425D5C18100497046;
					};
				};
			};
			buildConfigurationList = BF8BF45025D5C18000497046 /* Build configuration list for PBXProject "AppBuildOne" */;
			compatibilityVersion = "Xcode 9.3";
			developmentRegion = en;
			hasScannedForEncodings = 0;
			knownRegions = (
				en,
				Base,
			);
			mainGroup = BF8BF44C25D5C18000497046;
			productRefGroup = BF8BF45625D5C18100497046 /* Products */;
			projectDirPath = "";
			projectRoot = "";
			targets = (
				BF8BF45425D5C18100497046 /* AppBuildOne */,
				BF8BF46825D5C18200497046 /* AppBuildOneTests */,
				BF8BF47325D5C18200497046 /* AppBuildOneUITests */,
			);
		};
/* End PBXProject section */

/* Begin PBXResourcesBuildPhase section */
		BF8BF45325D5C18100497046 /* Resources */ = {
			isa = PBXResourcesBuildPhase;
			buildActionMask = 2147483647;
			files = (
				BF8BF46325D5C18100497046 /* LaunchScreen.storyboard in Resources */,
				BF8BF46025D5C18100497046 /* Assets.xcassets in Resources */,
				BF8BF45E25D5C18100497046 /* Main.storyboard in Resources */,
			);
			runOnlyForDeploymentPostprocessing = 0;
		};
		BF8BF46725D5C18200497046 /* Resources */ = {
			isa = PBXResourcesBuildPhase;
			buildActionMask = 2147483647;
			files = (
			);
			runOnlyForDeploymentPostprocessing = 0;
		};
		BF8BF47225D5C18200497046 /* Resources */ = {
			isa = PBXResourcesBuildPhase;
			buildActionMask = 2147483647;
			files = (
			);
			runOnlyForDeploymentPostprocessing = 0;
		};
/* End PBXResourcesBuildPhase section */

/* Begin PBXSourcesBuildPhase section */
		BF8BF45125D5C18100497046 /* Sources */ = {
			isa = PBXSourcesBuildPhase;
			buildActionMask = 2147483647;
			files = (
				BF8BF45B25D5C18100497046 /* ViewController.swift in Sources */,
				BFDAD4A425D5CD2C00B4DFF1 /* secondViewController.swift in Sources */,
				BF8BF45925D5C18100497046 /* AppDelegate.swift in Sources */,
			);
			runOnlyForDeploymentPostprocessing = 0;
		};
		BF8BF46525D5C18200497046 /* Sources */ = {
			isa = PBXSourcesBuildPhase;
			buildActionMask = 2147483647;
			files = (
				BF8BF46E25D5C18200497046 /* AppBuildOneTests.swift in Sources */,
			);
			runOnlyForDeploymentPostprocessing = 0;
		};
		BF8BF47025D5C18200497046 /* Sources */ = {
			isa = PBXSourcesBuildPhase;
			buildActionMask = 2147483647;
			files = (
				BF8BF47925D5C18200497046 /* AppBuildOneUITests.swift in Sources */,
			);
			runOnlyForDeploymentPostprocessing = 0;
		};
/* End PBXSourcesBuildPhase section */

/* Begin PBXTargetDependency section */
		BF8BF46B25D5C18200497046 /* PBXTargetDependency */ = {
			isa = PBXTargetDependency;
			target = BF8BF45425D5C18100497046 /* AppBuildOne */;
			targetProxy = BF8BF46A25D5C18200497046 /* PBXContainerItemProxy */;
		};
		BF8BF47625D5C18200497046 /* PBXTargetDependency */ = {
			isa = PBXTargetDependency;
			target = BF8BF45425D5C18100497046 /* AppBuildOne */;
			targetProxy = BF8BF47525D5C18200497046 /* PBXContainerItemProxy */;
		};
/* End PBXTargetDependency section */

/* Begin PBXVariantGroup section */
		BF8BF45C25D5C18100497046 /* Main.storyboard */ = {
			isa = PBXVariantGroup;
			children = (
				BF8BF45D25D5C18100497046 /* Base */,
			);
			name = Main.storyboard;
			sourceTree = "<group>";
		};
		BF8BF46125D5C18100497046 /* LaunchScreen.storyboard */ = {
			isa = PBXVariantGroup;
			children = (
				BF8BF46225D5C18100497046 /* Base */,
			);
			name = LaunchScreen.storyboard;
			sourceTree = "<group>";
		};
/* End PBXVariantGroup section */

/* Begin XCBuildConfiguration section */
		BF8BF47B25D5C18200497046 /* Debug */ = {
			isa = XCBuildConfiguration;
			buildSettings = {
				ALWAYS_SEARCH_USER_PATHS = NO;
				CLANG_ANALYZER_NONNULL = YES;
				CLANG_ANALYZER_NUMBER_OBJECT_CONVERSION = YES_AGGRESSIVE;
				CLANG_CXX_LANGUAGE_STANDARD = "gnu++14";
				CLANG_CXX_LIBRARY = "libc++";
				CLANG_ENABLE_MODULES = YES;
				CLANG_ENABLE_OBJC_ARC = YES;
				CLANG_ENABLE_OBJC_WEAK = YES;
				CLANG_WARN_BLOCK_CAPTURE_AUTORELEASING = YES;
				CLANG_WARN_BOOL_CONVERSION = YES;
				CLANG_WARN_COMMA = YES;
				CLANG_WARN_CONSTANT_CONVERSION = YES;
				CLANG_WARN_DEPRECATED_OBJC_IMPLEMENTATIONS = YES;
				CLANG_WARN_DIRECT_OBJC_ISA_USAGE = YES_ERROR;
				CLANG_WARN_DOCUMENTATION_COMMENTS = YES;
				CLANG_WARN_EMPTY_BODY = YES;
				CLANG_WARN_ENUM_CONVERSION = YES;
				CLANG_WARN_INFINITE_RECURSION = YES;
				CLANG_WARN_INT_CONVERSION = YES;
				CLANG_WARN_NON_LITERAL_NULL_CONVERSION = YES;
				CLANG_WARN_OBJC_IMPLICIT_RETAIN_SELF = YES;
				CLANG_WARN_OBJC_LITERAL_CONVERSION = YES;
				CLANG_WARN_OBJC_ROOT_CLASS = YES_ERROR;
				CLANG_WARN_RANGE_LOOP_ANALYSIS = YES;
				CLANG_WARN_STRICT_PROTOTYPES = YES;
				CLANG_WARN_SUSPICIOUS_MOVE = YES;
				CLANG_WARN_UNGUARDED_AVAILABILITY = YES_AGGRESSIVE;
				CLANG_WARN_UNREACHABLE_CODE = YES;
				CLANG_WARN__DUPLICATE_METHOD_MATCH = YES;
				CODE_SIGN_IDENTITY = "iPhone Developer";
				COPY_PHASE_STRIP = NO;
				DEBUG_INFORMATION_FORMAT = dwarf;
				ENABLE_STRICT_OBJC_MSGSEND = YES;
				ENABLE_TESTABILITY = YES;
				GCC_C_LANGUAGE_STANDARD = gnu11;
				GCC_DYNAMIC_NO_PIC = NO;
				GCC_NO_COMMON_BLOCKS = YES;
				GCC_OPTIMIZATION_LEVEL = 0;
				GCC_PREPROCESSOR_DEFINITIONS = (
					"DEBUG=1",
					"$(inherited)",
				);
				GCC_WARN_64_TO_32_BIT_CONVERSION = YES;
				GCC_WARN_ABOUT_RETURN_TYPE = YES_ERROR;
				GCC_WARN_UNDECLARED_SELECTOR = YES;
				GCC_WARN_UNINITIALIZED_AUTOS = YES_AGGRESSIVE;
				GCC_WARN_UNUSED_FUNCTION = YES;
				GCC_WARN_UNUSED_VARIABLE = YES;
				IPHONEOS_DEPLOYMENT_TARGET = 12.1;
				MTL_ENABLE_DEBUG_INFO = INCLUDE_SOURCE;
				MTL_FAST_MATH = YES;
				ONLY_ACTIVE_ARCH = YES;
				SDKROOT = iphoneos;
				SWIFT_ACTIVE_COMPILATION_CONDITIONS = DEBUG;
				SWIFT_OPTIMIZATION_LEVEL = "-Onone";
			};
			name = Debug;
		};
		BF8BF47C25D5C18200497046 /* Release */ = {
			isa = XCBuildConfiguration;
			buildSettings = {
				ALWAYS_SEARCH_USER_PATHS = NO;
				CLANG_ANALYZER_NONNULL = YES;
				CLANG_ANALYZER_NUMBER_OBJECT_CONVERSION = YES_AGGRESSIVE;
				CLANG_CXX_LANGUAGE_STANDARD = "gnu++14";
				CLANG_CXX_LIBRARY = "libc++";
				CLANG_ENABLE_MODULES = YES;
				CLANG_ENABLE_OBJC_ARC = YES;
				CLANG_ENABLE_OBJC_WEAK = YES;
				CLANG_WARN_BLOCK_CAPTURE_AUTORELEASING = YES;
				CLANG_WARN_BOOL_CONVERSION = YES;
				CLANG_WARN_COMMA = YES;
				CLANG_WARN_CONSTANT_CONVERSION = YES;
				CLANG_WARN_DEPRECATED_OBJC_IMPLEMENTATIONS = YES;
				CLANG_WARN_DIRECT_OBJC_ISA_USAGE = YES_ERROR;
				CLANG_WARN_DOCUMENTATION_COMMENTS = YES;
				CLANG_WARN_EMPTY_BODY = YES;
				CLANG_WARN_ENUM_CONVERSION = YES;
				CLANG_WARN_INFINITE_RECURSION = YES;
				CLANG_WARN_INT_CONVERSION = YES;
				CLANG_WARN_NON_LITERAL_NULL_CONVERSION = YES;
				CLANG_WARN_OBJC_IMPLICIT_RETAIN_SELF = YES;
				CLANG_WARN_OBJC_LITERAL_CONVERSION = YES;
				CLANG_WARN_OBJC_ROOT_CLASS = YES_ERROR;
				CLANG_WARN_RANGE_LOOP_ANALYSIS = YES;
				CLANG_WARN_STRICT_PROTOTYPES = YES;
				CLANG_WARN_SUSPICIOUS_MOVE = YES;
				CLANG_WARN_UNGUARDED_AVAILABILITY = YES_AGGRESSIVE;
				CLANG_WARN_UNREACHABLE_CODE = YES;
				CLANG_WARN__DUPLICATE_METHOD_MATCH = YES;
				CODE_SIGN_IDENTITY = "iPhone Developer";
				COPY_PHASE_STRIP = NO;
				DEBUG_INFORMATION_FORMAT = "dwarf-with-dsym";
				ENABLE_NS_ASSERTIONS = NO;
				ENABLE_STRICT_OBJC_MSGSEND = YES;
				GCC_C_LANGUAGE_STANDARD = gnu11;
				GCC_NO_COMMON_BLOCKS = YES;
				GCC_WARN_64_TO_32_BIT_CONVERSION = YES;
				GCC_WARN_ABOUT_RETURN_TYPE = YES_ERROR;
				GCC_WARN_UNDECLARED_SELECTOR = YES;
				GCC_WARN_UNINITIALIZED_AUTOS = YES_AGGRESSIVE;
				GCC_WARN_UNUSED_FUNCTION = YES;
				GCC_WARN_UNUSED_VARIABLE = YES;
				IPHONEOS_DEPLOYMENT_TARGET = 12.1;
				MTL_ENABLE_DEBUG_INFO = NO;
				MTL_FAST_MATH = YES;
				SDKROOT = iphoneos;
				SWIFT_COMPILATION_MODE = wholemodule;
				SWIFT_OPTIMIZATION_LEVEL = "-O";
				VALIDATE_PRODUCT = YES;
			};
			name = Release;
		};
		BF8BF47E25D5C18200497046 /* Debug */ = {
			isa = XCBuildConfiguration;
			buildSettings = {
				ASSETCATALOG_COMPILER_APPICON_NAME = AppIcon;
				CODE_SIGN_STYLE = Automatic;
				INFOPLIST_FILE = AppBuildOne/Info.plist;
				LD_RUNPATH_SEARCH_PATHS = (
					"$(inherited)",
					"@executable_path/Frameworks",
				);
				PRODUCT_BUNDLE_IDENTIFIER = uhwo.AppBuildOne;
				PRODUCT_NAME = "$(TARGET_NAME)";
				SWIFT_VERSION = 4.2;
				TARGETED_DEVICE_FAMILY = "1,2";
			};
			name = Debug;
		};
		BF8BF47F25D5C18200497046 /* Release */ = {
			isa = XCBuildConfiguration;
			buildSettings = {
				ASSETCATALOG_COMPILER_APPICON_NAME = AppIcon;
				CODE_SIGN_STYLE = Automatic;
				INFOPLIST_FILE = AppBuildOne/Info.plist;
				LD_RUNPATH_SEARCH_PATHS = (
					"$(inherited)",
					"@executable_path/Frameworks",
				);
				PRODUCT_BUNDLE_IDENTIFIER = uhwo.AppBuildOne;
				PRODUCT_NAME = "$(TARGET_NAME)";
				SWIFT_VERSION = 4.2;
				TARGETED_DEVICE_FAMILY = "1,2";
			};
			name = Release;
		};
		BF8BF48125D5C18200497046 /* Debug */ = {
			isa = XCBuildConfiguration;
			buildSettings = {
				ALWAYS_EMBED_SWIFT_STANDARD_LIBRARIES = YES;
				BUNDLE_LOADER = "$(TEST_HOST)";
				CODE_SIGN_STYLE = Automatic;
				INFOPLIST_FILE = AppBuildOneTests/Info.plist;
				LD_RUNPATH_SEARCH_PATHS = (
					"$(inherited)",
					"@executable_path/Frameworks",
					"@loader_path/Frameworks",
				);
				PRODUCT_BUNDLE_IDENTIFIER = uhwo.AppBuildOneTests;
				PRODUCT_NAME = "$(TARGET_NAME)";
				SWIFT_VERSION = 4.2;
				TARGETED_DEVICE_FAMILY = "1,2";
				TEST_HOST = "$(BUILT_PRODUCTS_DIR)/AppBuildOne.app/AppBuildOne";
			};
			name = Debug;
		};
		BF8BF48225D5C18200497046 /* Release */ = {
			isa = XCBuildConfiguration;
			buildSettings = {
				ALWAYS_EMBED_SWIFT_STANDARD_LIBRARIES = YES;
				BUNDLE_LOADER = "$(TEST_HOST)";
				CODE_SIGN_STYLE = Automatic;
				INFOPLIST_FILE = AppBuildOneTests/Info.plist;
				LD_RUNPATH_SEARCH_PATHS = (
					"$(inherited)",
					"@executable_path/Frameworks",
					"@loader_path/Frameworks",
				);
				PRODUCT_BUNDLE_IDENTIFIER = uhwo.AppBuildOneTests;
				PRODUCT_NAME = "$(TARGET_NAME)";
				SWIFT_VERSION = 4.2;
				TARGETED_DEVICE_FAMILY = "1,2";
				TEST_HOST = "$(BUILT_PRODUCTS_DIR)/AppBuildOne.app/AppBuildOne";
			};
			name = Release;
		};
		BF8BF48425D5C18200497046 /* Debug */ = {
			isa = XCBuildConfiguration;
			buildSettings = {
				ALWAYS_EMBED_SWIFT_STANDARD_LIBRARIES = YES;
				CODE_SIGN_STYLE = Automatic;
				INFOPLIST_FILE = AppBuildOneUITests/Info.plist;
				LD_RUNPATH_SEARCH_PATHS = (
					"$(inherited)",
					"@executable_path/Frameworks",
					"@loader_path/Frameworks",
				);
				PRODUCT_BUNDLE_IDENTIFIER = uhwo.AppBuildOneUITests;
				PRODUCT_NAME = "$(TARGET_NAME)";
				SWIFT_VERSION = 4.2;
				TARGETED_DEVICE_FAMILY = "1,2";
				TEST_TARGET_NAME = AppBuildOne;
			};
			name = Debug;
		};
		BF8BF48525D5C18200497046 /* Release */ = {
			isa = XCBuildConfiguration;
			buildSettings = {
				ALWAYS_EMBED_SWIFT_STANDARD_LIBRARIES = YES;
				CODE_SIGN_STYLE = Automatic;
				INFOPLIST_FILE = AppBuildOneUITests/Info.plist;
				LD_RUNPATH_SEARCH_PATHS = (
					"$(inherited)",
					"@executable_path/Frameworks",
					"@loader_path/Frameworks",
				);
				PRODUCT_BUNDLE_IDENTIFIER = uhwo.AppBuildOneUITests;
				PRODUCT_NAME = "$(TARGET_NAME)";
				SWIFT_VERSION = 4.2;
				TARGETED_DEVICE_FAMILY = "1,2";
				TEST_TARGET_NAME = AppBuildOne;
			};
			name = Release;
		};
/* End XCBuildConfiguration section */

/* Begin XCConfigurationList section */
		BF8BF45025D5C18000497046 /* Build configuration list for PBXProject "AppBuildOne" */ = {
			isa = XCConfigurationList;
			buildConfigurations = (
				BF8BF47B25D5C18200497046 /* Debug */,
				BF8BF47C25D5C18200497046 /* Release */,
			);
			defaultConfigurationIsVisible = 0;
			defaultConfigurationName = Release;
		};
		BF8BF47D25D5C18200497046 /* Build configuration list for PBXNativeTarget "AppBuildOne" */ = {
			isa = XCConfigurationList;
			buildConfigurations = (
				BF8BF47E25D5C18200497046 /* Debug */,
				BF8BF47F25D5C18200497046 /* Release */,
			);
			defaultConfigurationIsVisible = 0;
			defaultConfigurationName = Release;
		};
		BF8BF48025D5C18200497046 /* Build configuration list for PBXNativeTarget "AppBuildOneTests" */ = {
			isa = XCConfigurationList;
			buildConfigurations = (
				BF8BF48125D5C18200497046 /* Debug */,
				BF8BF48225D5C18200497046 /* Release */,
			);
			defaultConfigurationIsVisible = 0;
			defaultConfigurationName = Release;
		};
		BF8BF48325D5C18200497046 /* Build configuration list for PBXNativeTarget "AppBuildOneUITests" */ = {
			isa = XCConfigurationList;
			buildConfigurations = (
				BF8BF48425D5C18200497046 /* Debug */,
				BF8BF48525D5C18200497046 /* Release */,
			);
			defaultConfigurationIsVisible = 0;
			defaultConfigurationName = Release;
		};
/* End XCConfigurationList section */
	};
	rootObject = BF8BF44D25D5C18000497046 /* Project object */;
}
